
Microsoft Visual Studio Solution File, Format Version 12.00
# Visual Studio Version 17
VisualStudioVersion = 17.6.33815.320
MinimumVisualStudioVersion = 10.0.40219.1
Project("{9A19103F-16F7-4668-BE54-9A1E7A4F7556}") = "SeaWar", "SeaWar\SeaWar.csproj", "{FDDCC13A-AD43-4B2C-ACE3-8F5BA3C0A569}"
EndProject
Project("{9A19103F-16F7-4668-BE54-9A1E7A4F7556}") = "CheckDate", "CheckDate\CheckDate.csproj", "{E0242ADB-586C-4F63-A5A2-87128D698269}"
EndProject
Project("{9A19103F-16F7-4668-BE54-9A1E7A4F7556}") = "NumberAuto", "NumberAuto\NumberAuto.csproj", "{329EA765-03F4-4A2E-9324-ED7BBF10D458}"
EndProject
Project("{FAE04EC0-301F-11D3-BF4B-00C04F79EFBC}") = "ConditionBattle", "ConditionBattle\ConditionBattle.csproj", "{779CCD46-C46B-43EF-ACC4-0FD8593EAEF9}"
EndProject
Global
	GlobalSection(SolutionConfigurationPlatforms) = preSolution
		Debug|Any CPU = Debug|Any CPU
		Release|Any CPU = Release|Any CPU
	EndGlobalSection
	GlobalSection(ProjectConfigurationPlatforms) = postSolution
		{FDDCC13A-AD43-4B2C-ACE3-8F5BA3C0A569}.Debug|Any CPU.ActiveCfg = Debug|Any CPU
		{FDDCC13A-AD43-4B2C-ACE3-8F5BA3C0A569}.Debug|Any CPU.Build.0 = Debug|Any CPU
		{FDDCC13A-AD43-4B2C-ACE3-8F5BA3C0A569}.Release|Any CPU.ActiveCfg = Release|Any CPU
		{FDDCC13A-AD43-4B2C-ACE3-8F5BA3C0A569}.Release|Any CPU.Build.0 = Release|Any CPU
		{E0242ADB-586C-4F63-A5A2-87128D698269}.Debug|Any CPU.ActiveCfg = Debug|Any CPU
		{E0242ADB-586C-4F63-A5A2-87128D698269}.Debug|Any CPU.Build.0 = Debug|Any CPU
		{E0242ADB-586C-4F63-A5A2-87128D698269}.Release|Any CPU.ActiveCfg = Release|Any CPU
		{E0242ADB-586C-4F63-A5A2-87128D698269}.Release|Any CPU.Build.0 = Release|Any CPU
		{329EA765-03F4-4A2E-9324-ED7BBF10D458}.Debug|Any CPU.ActiveCfg = Debug|Any CPU
		{329EA765-03F4-4A2E-9324-ED7BBF10D458}.Debug|Any CPU.Build.0 = Debug|Any CPU
		{329EA765-03F4-4A2E-9324-ED7BBF10D458}.Release|Any CPU.ActiveCfg = Release|Any CPU
		{329EA765-03F4-4A2E-9324-ED7BBF10D458}.Release|Any CPU.Build.0 = Release|Any CPU
		{779CCD46-C46B-43EF-ACC4-0FD8593EAEF9}.Debug|Any CPU.ActiveCfg = Debug|Any CPU
		{779CCD46-C46B-43EF-ACC4-0FD8593EAEF9}.Debug|Any CPU.Build.0 = Debug|Any CPU
		{779CCD46-C46B-43EF-ACC4-0FD8593EAEF9}.Release|Any CPU.ActiveCfg = Release|Any CPU
		{779CCD46-C46B-43EF-ACC4-0FD8593EAEF9}.Release|Any CPU.Build.0 = Release|Any CPU
	EndGlobalSection
	GlobalSection(SolutionProperties) = preSolution
		HideSolutionNode = FALSE
	EndGlobalSection
	GlobalSection(ExtensibilityGlobals) = postSolution
		SolutionGuid = {DD4E9CC7-0C18-4473-9534-C95049920DAD}
	EndGlobalSection
EndGlobal
